
Microsoft Visual Studio Solution File, Format Version 9.00
# Visual Studio 2005
Project("{8BC9CEB8-8B4A-11D0-8D11-00A0C91BC942}") = "BkwinProject", "BkwinProject.vcproj", "{514B312A-DD1B-4A7D-9953-5AF96818A799}"
EndProject
Project("{8BC9CEB8-8B4A-11D0-8D11-00A0C91BC942}") = "ProcInfoMgr", "..\ProcInfoMgr\ProcInfoMgr.vcproj", "{2C576EA7-EF95-4495-8AD4-563406A2C543}"
EndProject
Global
	GlobalSection(SolutionConfigurationPlatforms) = preSolution
		Debug|Win32 = Debug|Win32
		Release|Win32 = Release|Win32
	EndGlobalSection
	GlobalSection(ProjectConfigurationPlatforms) = postSolution
		{514B312A-DD1B-4A7D-9953-5AF96818A799}.Debug|Win32.ActiveCfg = Debug|Win32
		{514B312A-DD1B-4A7D-9953-5AF96818A799}.Debug|Win32.Build.0 = Debug|Win32
		{514B312A-DD1B-4A7D-9953-5AF96818A799}.Release|Win32.ActiveCfg = Release|Win32
		{514B312A-DD1B-4A7D-9953-5AF96818A799}.Release|Win32.Build.0 = Release|Win32
		{2C576EA7-EF95-4495-8AD4-563406A2C543}.Debug|Win32.ActiveCfg = Debug|Win32
		{2C576EA7-EF95-4495-8AD4-563406A2C543}.Debug|Win32.Build.0 = Debug|Win32
		{2C576EA7-EF95-4495-8AD4-563406A2C543}.Release|Win32.ActiveCfg = Release|Win32
		{2C576EA7-EF95-4495-8AD4-563406A2C543}.Release|Win32.Build.0 = Release|Win32
	EndGlobalSection
	GlobalSection(SolutionProperties) = preSolution
		HideSolutionNode = FALSE
	EndGlobalSection
EndGlobal
